// !$*UTF8*$!
{
	archiveVersion = 1;
	classes = {
	};
	objectVersion = 56;
	objects = {

/* Begin PBXBuildFile section */
		2470CDFC2BA9D98C000EE379 /* AppDelegate.swift in Sources */ = {isa = PBXBuildFile; fileRef = 2470CDFB2BA9D98C000EE379 /* AppDelegate.swift */; };
		2470CDFE2BA9D98C000EE379 /* ViewController.swift in Sources */ = {isa = PBXBuildFile; fileRef = 2470CDFD2BA9D98C000EE379 /* ViewController.swift */; };
		2470CE012BA9D98C000EE379 /* BinanceBackTestMac.xcdatamodeld in Sources */ = {isa = PBXBuildFile; fileRef = 2470CDFF2BA9D98C000EE379 /* BinanceBackTestMac.xcdatamodeld */; };
		2470CE032BA9D98D000EE379 /* Assets.xcassets in Resources */ = {isa = PBXBuildFile; fileRef = 2470CE022BA9D98D000EE379 /* Assets.xcassets */; };
		2470CE062BA9D98D000EE379 /* Main.storyboard in Resources */ = {isa = PBXBuildFile; fileRef = 2470CE042BA9D98D000EE379 /* Main.storyboard */; };
		2470CE102BA9D9AB000EE379 /* BackTester.swift in Sources */ = {isa = PBXBuildFile; fileRef = 2470CE0E2BA9D9AB000EE379 /* BackTester.swift */; };
		2470CE112BA9D9AB000EE379 /* FundamentalTester.swift in Sources */ = {isa = PBXBuildFile; fileRef = 2470CE0F2BA9D9AB000EE379 /* FundamentalTester.swift */; };
		2470CE252BA9D9BB000EE379 /* BinanceEndpoints.swift in Sources */ = {isa = PBXBuildFile; fileRef = 2470CE142BA9D9BB000EE379 /* BinanceEndpoints.swift */; };
		2470CE262BA9D9BB000EE379 /* EndpointProtocol.swift in Sources */ = {isa = PBXBuildFile; fileRef = 2470CE152BA9D9BB000EE379 /* EndpointProtocol.swift */; };
		2470CE272BA9D9BB000EE379 /* BinanceInterval.swift in Sources */ = {isa = PBXBuildFile; fileRef = 2470CE172BA9D9BB000EE379 /* BinanceInterval.swift */; };
		2470CE282BA9D9BB000EE379 /* BinanceCandleParameters.swift in Sources */ = {isa = PBXBuildFile; fileRef = 2470CE182BA9D9BB000EE379 /* BinanceCandleParameters.swift */; };
		2470CE292BA9D9BB000EE379 /* BinanceSymbol.swift in Sources */ = {isa = PBXBuildFile; fileRef = 2470CE192BA9D9BB000EE379 /* BinanceSymbol.swift */; };
		2470CE2A2BA9D9BB000EE379 /* BinanceCandle.swift in Sources */ = {isa = PBXBuildFile; fileRef = 2470CE1A2BA9D9BB000EE379 /* BinanceCandle.swift */; };
		2470CE2B2BA9D9BB000EE379 /* BinanceCandleService.swift in Sources */ = {isa = PBXBuildFile; fileRef = 2470CE1C2BA9D9BB000EE379 /* BinanceCandleService.swift */; };
		2470CE2C2BA9D9BB000EE379 /* NetworkService.swift in Sources */ = {isa = PBXBuildFile; fileRef = 2470CE1D2BA9D9BB000EE379 /* NetworkService.swift */; };
		2470CE2D2BA9D9BB000EE379 /* TradingStrategyProtocol.swift in Sources */ = {isa = PBXBuildFile; fileRef = 2470CE202BA9D9BB000EE379 /* TradingStrategyProtocol.swift */; };
		2470CE2E2BA9D9BB000EE379 /* FirstStrategy.swift in Sources */ = {isa = PBXBuildFile; fileRef = 2470CE212BA9D9BB000EE379 /* FirstStrategy.swift */; };
		2470CE2F2BA9D9BB000EE379 /* SecondStrategy.swift in Sources */ = {isa = PBXBuildFile; fileRef = 2470CE222BA9D9BB000EE379 /* SecondStrategy.swift */; };
		2470CE302BA9D9BB000EE379 /* TradingStrategyResultModel.swift in Sources */ = {isa = PBXBuildFile; fileRef = 2470CE242BA9D9BB000EE379 /* TradingStrategyResultModel.swift */; };
		2470CE322BA9D9E7000EE379 /* ProgressTrackable.swift in Sources */ = {isa = PBXBuildFile; fileRef = 2470CE312BA9D9E7000EE379 /* ProgressTrackable.swift */; };
		24BF50F42BA9F480005E0A73 /* GenericCoreDataService.swift in Sources */ = {isa = PBXBuildFile; fileRef = 24BF50F32BA9F480005E0A73 /* GenericCoreDataService.swift */; };
		24BF50F62BA9F710005E0A73 /* BinanceCoreDataService.swift in Sources */ = {isa = PBXBuildFile; fileRef = 24BF50F52BA9F710005E0A73 /* BinanceCoreDataService.swift */; };
		24BF50F92BA9FC27005E0A73 /* BinanceComboCoreDataService.swift in Sources */ = {isa = PBXBuildFile; fileRef = 24BF50F82BA9FC27005E0A73 /* BinanceComboCoreDataService.swift */; };
/* End PBXBuildFile section */

/* Begin PBXFileReference section */
		2470CDF82BA9D98C000EE379 /* BinanceBackTestMac.app */ = {isa = PBXFileReference; explicitFileType = wrapper.application; includeInIndex = 0; path = BinanceBackTestMac.app; sourceTree = BUILT_PRODUCTS_DIR; };
		2470CDFB2BA9D98C000EE379 /* AppDelegate.swift */ = {isa = PBXFileReference; lastKnownFileType = sourcecode.swift; path = AppDelegate.swift; sourceTree = "<group>"; };
		2470CDFD2BA9D98C000EE379 /* ViewController.swift */ = {isa = PBXFileReference; lastKnownFileType = sourcecode.swift; path = ViewController.swift; sourceTree = "<group>"; };
		2470CE002BA9D98C000EE379 /* BinanceBackTestMac.xcdatamodel */ = {isa = PBXFileReference; lastKnownFileType = wrapper.xcdatamodel; path = BinanceBackTestMac.xcdatamodel; sourceTree = "<group>"; };
		2470CE022BA9D98D000EE379 /* Assets.xcassets */ = {isa = PBXFileReference; lastKnownFileType = folder.assetcatalog; path = Assets.xcassets; sourceTree = "<group>"; };
		2470CE052BA9D98D000EE379 /* Base */ = {isa = PBXFileReference; lastKnownFileType = file.storyboard; name = Base; path = Base.lproj/Main.storyboard; sourceTree = "<group>"; };
		2470CE072BA9D98D000EE379 /* BinanceBackTestMac.entitlements */ = {isa = PBXFileReference; lastKnownFileType = text.plist.entitlements; path = BinanceBackTestMac.entitlements; sourceTree = "<group>"; };
		2470CE0E2BA9D9AB000EE379 /* BackTester.swift */ = {isa = PBXFileReference; fileEncoding = 4; lastKnownFileType = sourcecode.swift; path = BackTester.swift; sourceTree = "<group>"; };
		2470CE0F2BA9D9AB000EE379 /* FundamentalTester.swift */ = {isa = PBXFileReference; fileEncoding = 4; lastKnownFileType = sourcecode.swift; path = FundamentalTester.swift; sourceTree = "<group>"; };
		2470CE142BA9D9BB000EE379 /* BinanceEndpoints.swift */ = {isa = PBXFileReference; fileEncoding = 4; lastKnownFileType = sourcecode.swift; path = BinanceEndpoints.swift; sourceTree = "<group>"; };
		2470CE152BA9D9BB000EE379 /* EndpointProtocol.swift */ = {isa = PBXFileReference; fileEncoding = 4; lastKnownFileType = sourcecode.swift; path = EndpointProtocol.swift; sourceTree = "<group>"; };
		2470CE172BA9D9BB000EE379 /* BinanceInterval.swift */ = {isa = PBXFileReference; fileEncoding = 4; lastKnownFileType = sourcecode.swift; path = BinanceInterval.swift; sourceTree = "<group>"; };
		2470CE182BA9D9BB000EE379 /* BinanceCandleParameters.swift */ = {isa = PBXFileReference; fileEncoding = 4; lastKnownFileType = sourcecode.swift; path = BinanceCandleParameters.swift; sourceTree = "<group>"; };
		2470CE192BA9D9BB000EE379 /* BinanceSymbol.swift */ = {isa = PBXFileReference; fileEncoding = 4; lastKnownFileType = sourcecode.swift; path = BinanceSymbol.swift; sourceTree = "<group>"; };
		2470CE1A2BA9D9BB000EE379 /* BinanceCandle.swift */ = {isa = PBXFileReference; fileEncoding = 4; lastKnownFileType = sourcecode.swift; path = BinanceCandle.swift; sourceTree = "<group>"; };
		2470CE1C2BA9D9BB000EE379 /* BinanceCandleService.swift */ = {isa = PBXFileReference; fileEncoding = 4; lastKnownFileType = sourcecode.swift; path = BinanceCandleService.swift; sourceTree = "<group>"; };
		2470CE1D2BA9D9BB000EE379 /* NetworkService.swift */ = {isa = PBXFileReference; fileEncoding = 4; lastKnownFileType = sourcecode.swift; path = NetworkService.swift; sourceTree = "<group>"; };
		2470CE202BA9D9BB000EE379 /* TradingStrategyProtocol.swift */ = {isa = PBXFileReference; fileEncoding = 4; lastKnownFileType = sourcecode.swift; path = TradingStrategyProtocol.swift; sourceTree = "<group>"; };
		2470CE212BA9D9BB000EE379 /* FirstStrategy.swift */ = {isa = PBXFileReference; fileEncoding = 4; lastKnownFileType = sourcecode.swift; path = FirstStrategy.swift; sourceTree = "<group>"; };
		2470CE222BA9D9BB000EE379 /* SecondStrategy.swift */ = {isa = PBXFileReference; fileEncoding = 4; lastKnownFileType = sourcecode.swift; path = SecondStrategy.swift; sourceTree = "<group>"; };
		2470CE242BA9D9BB000EE379 /* TradingStrategyResultModel.swift */ = {isa = PBXFileReference; fileEncoding = 4; lastKnownFileType = sourcecode.swift; path = TradingStrategyResultModel.swift; sourceTree = "<group>"; };
		2470CE312BA9D9E7000EE379 /* ProgressTrackable.swift */ = {isa = PBXFileReference; fileEncoding = 4; lastKnownFileType = sourcecode.swift; path = ProgressTrackable.swift; sourceTree = "<group>"; };
		24BF50F32BA9F480005E0A73 /* GenericCoreDataService.swift */ = {isa = PBXFileReference; lastKnownFileType = sourcecode.swift; path = GenericCoreDataService.swift; sourceTree = "<group>"; };
		24BF50F52BA9F710005E0A73 /* BinanceCoreDataService.swift */ = {isa = PBXFileReference; lastKnownFileType = sourcecode.swift; path = BinanceCoreDataService.swift; sourceTree = "<group>"; };
		24BF50F82BA9FC27005E0A73 /* BinanceComboCoreDataService.swift */ = {isa = PBXFileReference; lastKnownFileType = sourcecode.swift; path = BinanceComboCoreDataService.swift; sourceTree = "<group>"; };
/* End PBXFileReference section */

/* Begin PBXFrameworksBuildPhase section */
		2470CDF52BA9D98C000EE379 /* Frameworks */ = {
			isa = PBXFrameworksBuildPhase;
			buildActionMask = 2147483647;
			files = (
			);
			runOnlyForDeploymentPostprocessing = 0;
		};
/* End PBXFrameworksBuildPhase section */

/* Begin PBXGroup section */
		2470CDEF2BA9D98C000EE379 = {
			isa = PBXGroup;
			children = (
				2470CDFA2BA9D98C000EE379 /* BinanceBackTestMac */,
				2470CDF92BA9D98C000EE379 /* Products */,
			);
			sourceTree = "<group>";
		};
		2470CDF92BA9D98C000EE379 /* Products */ = {
			isa = PBXGroup;
			children = (
				2470CDF82BA9D98C000EE379 /* BinanceBackTestMac.app */,
			);
			name = Products;
			sourceTree = "<group>";
		};
		2470CDFA2BA9D98C000EE379 /* BinanceBackTestMac */ = {
			isa = PBXGroup;
			children = (
				2470CDFB2BA9D98C000EE379 /* AppDelegate.swift */,
				2470CDFD2BA9D98C000EE379 /* ViewController.swift */,
				2470CE312BA9D9E7000EE379 /* ProgressTrackable.swift */,
				24BF50F72BA9F716005E0A73 /* CoreDataServices */,
				2470CE0D2BA9D9AB000EE379 /* Testers */,
				2470CE122BA9D9BB000EE379 /* Network */,
				2470CE1E2BA9D9BB000EE379 /* Strategy */,
				2470CE022BA9D98D000EE379 /* Assets.xcassets */,
				2470CE042BA9D98D000EE379 /* Main.storyboard */,
				2470CE072BA9D98D000EE379 /* BinanceBackTestMac.entitlements */,
				2470CDFF2BA9D98C000EE379 /* BinanceBackTestMac.xcdatamodeld */,
			);
			path = BinanceBackTestMac;
			sourceTree = "<group>";
		};
		2470CE0D2BA9D9AB000EE379 /* Testers */ = {
			isa = PBXGroup;
			children = (
				2470CE0E2BA9D9AB000EE379 /* BackTester.swift */,
				2470CE0F2BA9D9AB000EE379 /* FundamentalTester.swift */,
			);
			path = Testers;
			sourceTree = "<group>";
		};
		2470CE122BA9D9BB000EE379 /* Network */ = {
			isa = PBXGroup;
			children = (
				2470CE132BA9D9BB000EE379 /* Endpoints */,
				2470CE162BA9D9BB000EE379 /* Models */,
				2470CE1B2BA9D9BB000EE379 /* Services */,
			);
			path = Network;
			sourceTree = "<group>";
		};
		2470CE132BA9D9BB000EE379 /* Endpoints */ = {
			isa = PBXGroup;
			children = (
				2470CE142BA9D9BB000EE379 /* BinanceEndpoints.swift */,
				2470CE152BA9D9BB000EE379 /* EndpointProtocol.swift */,
			);
			path = Endpoints;
			sourceTree = "<group>";
		};
		2470CE162BA9D9BB000EE379 /* Models */ = {
			isa = PBXGroup;
			children = (
				2470CE172BA9D9BB000EE379 /* BinanceInterval.swift */,
				2470CE182BA9D9BB000EE379 /* BinanceCandleParameters.swift */,
				2470CE192BA9D9BB000EE379 /* BinanceSymbol.swift */,
				2470CE1A2BA9D9BB000EE379 /* BinanceCandle.swift */,
			);
			path = Models;
			sourceTree = "<group>";
		};
		2470CE1B2BA9D9BB000EE379 /* Services */ = {
			isa = PBXGroup;
			children = (
				2470CE1C2BA9D9BB000EE379 /* BinanceCandleService.swift */,
				2470CE1D2BA9D9BB000EE379 /* NetworkService.swift */,
			);
			path = Services;
			sourceTree = "<group>";
		};
		2470CE1E2BA9D9BB000EE379 /* Strategy */ = {
			isa = PBXGroup;
			children = (
				2470CE1F2BA9D9BB000EE379 /* TradingStrategies */,
				2470CE232BA9D9BB000EE379 /* TradingModels */,
			);
			path = Strategy;
			sourceTree = "<group>";
		};
		2470CE1F2BA9D9BB000EE379 /* TradingStrategies */ = {
			isa = PBXGroup;
			children = (
				2470CE202BA9D9BB000EE379 /* TradingStrategyProtocol.swift */,
				2470CE212BA9D9BB000EE379 /* FirstStrategy.swift */,
				2470CE222BA9D9BB000EE379 /* SecondStrategy.swift */,
			);
			path = TradingStrategies;
			sourceTree = "<group>";
		};
		2470CE232BA9D9BB000EE379 /* TradingModels */ = {
			isa = PBXGroup;
			children = (
				2470CE242BA9D9BB000EE379 /* TradingStrategyResultModel.swift */,
			);
			path = TradingModels;
			sourceTree = "<group>";
		};
		24BF50F72BA9F716005E0A73 /* CoreDataServices */ = {
			isa = PBXGroup;
			children = (
				24BF50F32BA9F480005E0A73 /* GenericCoreDataService.swift */,
				24BF50F52BA9F710005E0A73 /* BinanceCoreDataService.swift */,
				24BF50F82BA9FC27005E0A73 /* BinanceComboCoreDataService.swift */,
			);
			path = CoreDataServices;
			sourceTree = "<group>";
		};
/* End PBXGroup section */

/* Begin PBXNativeTarget section */
		2470CDF72BA9D98C000EE379 /* BinanceBackTestMac */ = {
			isa = PBXNativeTarget;
			buildConfigurationList = 2470CE0A2BA9D98D000EE379 /* Build configuration list for PBXNativeTarget "BinanceBackTestMac" */;
			buildPhases = (
				2470CDF42BA9D98C000EE379 /* Sources */,
				2470CDF52BA9D98C000EE379 /* Frameworks */,
				2470CDF62BA9D98C000EE379 /* Resources */,
			);
			buildRules = (
			);
			dependencies = (
			);
			name = BinanceBackTestMac;
			productName = BinanceBackTestMac;
			productReference = 2470CDF82BA9D98C000EE379 /* BinanceBackTestMac.app */;
			productType = "com.apple.product-type.application";
		};
/* End PBXNativeTarget section */

/* Begin PBXProject section */
		2470CDF02BA9D98C000EE379 /* Project object */ = {
			isa = PBXProject;
			attributes = {
				BuildIndependentTargetsInParallel = 1;
				LastSwiftUpdateCheck = 1500;
				LastUpgradeCheck = 1500;
				TargetAttributes = {
					2470CDF72BA9D98C000EE379 = {
						CreatedOnToolsVersion = 15.0.1;
					};
				};
			};
			buildConfigurationList = 2470CDF32BA9D98C000EE379 /* Build configuration list for PBXProject "BinanceBackTestMac" */;
			compatibilityVersion = "Xcode 14.0";
			developmentRegion = en;
			hasScannedForEncodings = 0;
			knownRegions = (
				en,
				Base,
			);
			mainGroup = 2470CDEF2BA9D98C000EE379;
			productRefGroup = 2470CDF92BA9D98C000EE379 /* Products */;
			projectDirPath = "";
			projectRoot = "";
			targets = (
				2470CDF72BA9D98C000EE379 /* BinanceBackTestMac */,
			);
		};
/* End PBXProject section */

/* Begin PBXResourcesBuildPhase section */
		2470CDF62BA9D98C000EE379 /* Resources */ = {
			isa = PBXResourcesBuildPhase;
			buildActionMask = 2147483647;
			files = (
				2470CE032BA9D98D000EE379 /* Assets.xcassets in Resources */,
				2470CE062BA9D98D000EE379 /* Main.storyboard in Resources */,
			);
			runOnlyForDeploymentPostprocessing = 0;
		};
/* End PBXResourcesBuildPhase section */

/* Begin PBXSourcesBuildPhase section */
		2470CDF42BA9D98C000EE379 /* Sources */ = {
			isa = PBXSourcesBuildPhase;
			buildActionMask = 2147483647;
			files = (
				24BF50F42BA9F480005E0A73 /* GenericCoreDataService.swift in Sources */,
				2470CDFE2BA9D98C000EE379 /* ViewController.swift in Sources */,
				2470CDFC2BA9D98C000EE379 /* AppDelegate.swift in Sources */,
				2470CE302BA9D9BB000EE379 /* TradingStrategyResultModel.swift in Sources */,
				2470CE112BA9D9AB000EE379 /* FundamentalTester.swift in Sources */,
				2470CE282BA9D9BB000EE379 /* BinanceCandleParameters.swift in Sources */,
				2470CE252BA9D9BB000EE379 /* BinanceEndpoints.swift in Sources */,
				24BF50F62BA9F710005E0A73 /* BinanceCoreDataService.swift in Sources */,
				2470CE2B2BA9D9BB000EE379 /* BinanceCandleService.swift in Sources */,
				2470CE012BA9D98C000EE379 /* BinanceBackTestMac.xcdatamodeld in Sources */,
				2470CE272BA9D9BB000EE379 /* BinanceInterval.swift in Sources */,
				2470CE102BA9D9AB000EE379 /* BackTester.swift in Sources */,
				2470CE2A2BA9D9BB000EE379 /* BinanceCandle.swift in Sources */,
				2470CE292BA9D9BB000EE379 /* BinanceSymbol.swift in Sources */,
				2470CE322BA9D9E7000EE379 /* ProgressTrackable.swift in Sources */,
				2470CE2E2BA9D9BB000EE379 /* FirstStrategy.swift in Sources */,
				2470CE2C2BA9D9BB000EE379 /* NetworkService.swift in Sources */,
				2470CE2D2BA9D9BB000EE379 /* TradingStrategyProtocol.swift in Sources */,
				2470CE2F2BA9D9BB000EE379 /* SecondStrategy.swift in Sources */,
				2470CE262BA9D9BB000EE379 /* EndpointProtocol.swift in Sources */,
				24BF50F92BA9FC27005E0A73 /* BinanceComboCoreDataService.swift in Sources */,
			);
			runOnlyForDeploymentPostprocessing = 0;
		};
/* End PBXSourcesBuildPhase section */

/* Begin PBXVariantGroup section */
		2470CE042BA9D98D000EE379 /* Main.storyboard */ = {
			isa = PBXVariantGroup;
			children = (
				2470CE052BA9D98D000EE379 /* Base */,
			);
			name = Main.storyboard;
			sourceTree = "<group>";
		};
/* End PBXVariantGroup section */

/* Begin XCBuildConfiguration section */
		2470CE082BA9D98D000EE379 /* Debug */ = {
			isa = XCBuildConfiguration;
			buildSettings = {
				ALWAYS_SEARCH_USER_PATHS = NO;
				ASSETCATALOG_COMPILER_GENERATE_SWIFT_ASSET_SYMBOL_EXTENSIONS = YES;
				CLANG_ANALYZER_NONNULL = YES;
				CLANG_ANALYZER_NUMBER_OBJECT_CONVERSION = YES_AGGRESSIVE;
				CLANG_CXX_LANGUAGE_STANDARD = "gnu++20";
				CLANG_ENABLE_MODULES = YES;
				CLANG_ENABLE_OBJC_ARC = YES;
				CLANG_ENABLE_OBJC_WEAK = YES;
				CLANG_WARN_BLOCK_CAPTURE_AUTORELEASING = YES;
				CLANG_WARN_BOOL_CONVERSION = YES;
				CLANG_WARN_COMMA = YES;
				CLANG_WARN_CONSTANT_CONVERSION = YES;
				CLANG_WARN_DEPRECATED_OBJC_IMPLEMENTATIONS = YES;
				CLANG_WARN_DIRECT_OBJC_ISA_USAGE = YES_ERROR;
				CLANG_WARN_DOCUMENTATION_COMMENTS = YES;
				CLANG_WARN_EMPTY_BODY = YES;
				CLANG_WARN_ENUM_CONVERSION = YES;
				CLANG_WARN_INFINITE_RECURSION = YES;
				CLANG_WARN_INT_CONVERSION = YES;
				CLANG_WARN_NON_LITERAL_NULL_CONVERSION = YES;
				CLANG_WARN_OBJC_IMPLICIT_RETAIN_SELF = YES;
				CLANG_WARN_OBJC_LITERAL_CONVERSION = YES;
				CLANG_WARN_OBJC_ROOT_CLASS = YES_ERROR;
				CLANG_WARN_QUOTED_INCLUDE_IN_FRAMEWORK_HEADER = YES;
				CLANG_WARN_RANGE_LOOP_ANALYSIS = YES;
				CLANG_WARN_STRICT_PROTOTYPES = YES;
				CLANG_WARN_SUSPICIOUS_MOVE = YES;
				CLANG_WARN_UNGUARDED_AVAILABILITY = YES_AGGRESSIVE;
				CLANG_WARN_UNREACHABLE_CODE = YES;
				CLANG_WARN__DUPLICATE_METHOD_MATCH = YES;
				COPY_PHASE_STRIP = NO;
				DEBUG_INFORMATION_FORMAT = dwarf;
				ENABLE_STRICT_OBJC_MSGSEND = YES;
				ENABLE_TESTABILITY = YES;
				ENABLE_USER_SCRIPT_SANDBOXING = YES;
				GCC_C_LANGUAGE_STANDARD = gnu17;
				GCC_DYNAMIC_NO_PIC = NO;
				GCC_NO_COMMON_BLOCKS = YES;
				GCC_OPTIMIZATION_LEVEL = 0;
				GCC_PREPROCESSOR_DEFINITIONS = (
					"DEBUG=1",
					"$(inherited)",
				);
				GCC_WARN_64_TO_32_BIT_CONVERSION = YES;
				GCC_WARN_ABOUT_RETURN_TYPE = YES_ERROR;
				GCC_WARN_UNDECLARED_SELECTOR = YES;
				GCC_WARN_UNINITIALIZED_AUTOS = YES_AGGRESSIVE;
				GCC_WARN_UNUSED_FUNCTION = YES;
				GCC_WARN_UNUSED_VARIABLE = YES;
				LOCALIZATION_PREFERS_STRING_CATALOGS = YES;
				MACOSX_DEPLOYMENT_TARGET = 14.0;
				MTL_ENABLE_DEBUG_INFO = INCLUDE_SOURCE;
				MTL_FAST_MATH = YES;
				ONLY_ACTIVE_ARCH = YES;
				SDKROOT = macosx;
				SWIFT_ACTIVE_COMPILATION_CONDITIONS = "DEBUG $(inherited)";
				SWIFT_OPTIMIZATION_LEVEL = "-Onone";
			};
			name = Debug;
		};
		2470CE092BA9D98D000EE379 /* Release */ = {
			isa = XCBuildConfiguration;
			buildSettings = {
				ALWAYS_SEARCH_USER_PATHS = NO;
				ASSETCATALOG_COMPILER_GENERATE_SWIFT_ASSET_SYMBOL_EXTENSIONS = YES;
				CLANG_ANALYZER_NONNULL = YES;
				CLANG_ANALYZER_NUMBER_OBJECT_CONVERSION = YES_AGGRESSIVE;
				CLANG_CXX_LANGUAGE_STANDARD = "gnu++20";
				CLANG_ENABLE_MODULES = YES;
				CLANG_ENABLE_OBJC_ARC = YES;
				CLANG_ENABLE_OBJC_WEAK = YES;
				CLANG_WARN_BLOCK_CAPTURE_AUTORELEASING = YES;
				CLANG_WARN_BOOL_CONVERSION = YES;
				CLANG_WARN_COMMA = YES;
				CLANG_WARN_CONSTANT_CONVERSION = YES;
				CLANG_WARN_DEPRECATED_OBJC_IMPLEMENTATIONS = YES;
				CLANG_WARN_DIRECT_OBJC_ISA_USAGE = YES_ERROR;
				CLANG_WARN_DOCUMENTATION_COMMENTS = YES;
				CLANG_WARN_EMPTY_BODY = YES;
				CLANG_WARN_ENUM_CONVERSION = YES;
				CLANG_WARN_INFINITE_RECURSION = YES;
				CLANG_WARN_INT_CONVERSION = YES;
				CLANG_WARN_NON_LITERAL_NULL_CONVERSION = YES;
				CLANG_WARN_OBJC_IMPLICIT_RETAIN_SELF = YES;
				CLANG_WARN_OBJC_LITERAL_CONVERSION = YES;
				CLANG_WARN_OBJC_ROOT_CLASS = YES_ERROR;
				CLANG_WARN_QUOTED_INCLUDE_IN_FRAMEWORK_HEADER = YES;
				CLANG_WARN_RANGE_LOOP_ANALYSIS = YES;
				CLANG_WARN_STRICT_PROTOTYPES = YES;
				CLANG_WARN_SUSPICIOUS_MOVE = YES;
				CLANG_WARN_UNGUARDED_AVAILABILITY = YES_AGGRESSIVE;
				CLANG_WARN_UNREACHABLE_CODE = YES;
				CLANG_WARN__DUPLICATE_METHOD_MATCH = YES;
				COPY_PHASE_STRIP = NO;
				DEBUG_INFORMATION_FORMAT = "dwarf-with-dsym";
				ENABLE_NS_ASSERTIONS = NO;
				ENABLE_STRICT_OBJC_MSGSEND = YES;
				ENABLE_USER_SCRIPT_SANDBOXING = YES;
				GCC_C_LANGUAGE_STANDARD = gnu17;
				GCC_NO_COMMON_BLOCKS = YES;
				GCC_WARN_64_TO_32_BIT_CONVERSION = YES;
				GCC_WARN_ABOUT_RETURN_TYPE = YES_ERROR;
				GCC_WARN_UNDECLARED_SELECTOR = YES;
				GCC_WARN_UNINITIALIZED_AUTOS = YES_AGGRESSIVE;
				GCC_WARN_UNUSED_FUNCTION = YES;
				GCC_WARN_UNUSED_VARIABLE = YES;
				LOCALIZATION_PREFERS_STRING_CATALOGS = YES;
				MACOSX_DEPLOYMENT_TARGET = 14.0;
				MTL_ENABLE_DEBUG_INFO = NO;
				MTL_FAST_MATH = YES;
				SDKROOT = macosx;
				SWIFT_COMPILATION_MODE = wholemodule;
			};
			name = Release;
		};
		2470CE0B2BA9D98D000EE379 /* Debug */ = {
			isa = XCBuildConfiguration;
			buildSettings = {
				ASSETCATALOG_COMPILER_APPICON_NAME = AppIcon;
				ASSETCATALOG_COMPILER_GLOBAL_ACCENT_COLOR_NAME = AccentColor;
				CODE_SIGN_ENTITLEMENTS = BinanceBackTestMac/BinanceBackTestMac.entitlements;
				CODE_SIGN_STYLE = Automatic;
				COMBINE_HIDPI_IMAGES = YES;
				CURRENT_PROJECT_VERSION = 1;
				DEVELOPMENT_TEAM = TAT2LGGYX9;
				ENABLE_HARDENED_RUNTIME = YES;
				GENERATE_INFOPLIST_FILE = YES;
				INFOPLIST_KEY_NSHumanReadableCopyright = "";
				INFOPLIST_KEY_NSMainStoryboardFile = Main;
				INFOPLIST_KEY_NSPrincipalClass = NSApplication;
				LD_RUNPATH_SEARCH_PATHS = (
					"$(inherited)",
					"@executable_path/../Frameworks",
				);
				MARKETING_VERSION = 1.0;
				PRODUCT_BUNDLE_IDENTIFIER = com.Phoenix.BinanceBackTestMac;
				PRODUCT_NAME = "$(TARGET_NAME)";
				SWIFT_EMIT_LOC_STRINGS = YES;
				SWIFT_VERSION = 5.0;
			};
			name = Debug;
		};
		2470CE0C2BA9D98D000EE379 /* Release */ = {
			isa = XCBuildConfiguration;
			buildSettings = {
				ASSETCATALOG_COMPILER_APPICON_NAME = AppIcon;
				ASSETCATALOG_COMPILER_GLOBAL_ACCENT_COLOR_NAME = AccentColor;
				CODE_SIGN_ENTITLEMENTS = BinanceBackTestMac/BinanceBackTestMac.entitlements;
				CODE_SIGN_STYLE = Automatic;
				COMBINE_HIDPI_IMAGES = YES;
				CURRENT_PROJECT_VERSION = 1;
				DEVELOPMENT_TEAM = TAT2LGGYX9;
				ENABLE_HARDENED_RUNTIME = YES;
				GENERATE_INFOPLIST_FILE = YES;
				INFOPLIST_KEY_NSHumanReadableCopyright = "";
				INFOPLIST_KEY_NSMainStoryboardFile = Main;
				INFOPLIST_KEY_NSPrincipalClass = NSApplication;
				LD_RUNPATH_SEARCH_PATHS = (
					"$(inherited)",
					"@executable_path/../Frameworks",
				);
				MARKETING_VERSION = 1.0;
				PRODUCT_BUNDLE_IDENTIFIER = com.Phoenix.BinanceBackTestMac;
				PRODUCT_NAME = "$(TARGET_NAME)";
				SWIFT_EMIT_LOC_STRINGS = YES;
				SWIFT_VERSION = 5.0;
			};
			name = Release;
		};
/* End XCBuildConfiguration section */

/* Begin XCConfigurationList section */
		2470CDF32BA9D98C000EE379 /* Build configuration list for PBXProject "BinanceBackTestMac" */ = {
			isa = XCConfigurationList;
			buildConfigurations = (
				2470CE082BA9D98D000EE379 /* Debug */,
				2470CE092BA9D98D000EE379 /* Release */,
			);
			defaultConfigurationIsVisible = 0;
			defaultConfigurationName = Release;
		};
		2470CE0A2BA9D98D000EE379 /* Build configuration list for PBXNativeTarget "BinanceBackTestMac" */ = {
			isa = XCConfigurationList;
			buildConfigurations = (
				2470CE0B2BA9D98D000EE379 /* Debug */,
				2470CE0C2BA9D98D000EE379 /* Release */,
			);
			defaultConfigurationIsVisible = 0;
			defaultConfigurationName = Release;
		};
/* End XCConfigurationList section */

/* Begin XCVersionGroup section */
		2470CDFF2BA9D98C000EE379 /* BinanceBackTestMac.xcdatamodeld */ = {
			isa = XCVersionGroup;
			children = (
				2470CE002BA9D98C000EE379 /* BinanceBackTestMac.xcdatamodel */,
			);
			currentVersion = 2470CE002BA9D98C000EE379 /* BinanceBackTestMac.xcdatamodel */;
			path = BinanceBackTestMac.xcdatamodeld;
			sourceTree = "<group>";
			versionGroupType = wrapper.xcdatamodel;
		};
/* End XCVersionGroup section */
	};
	rootObject = 2470CDF02BA9D98C000EE379 /* Project object */;
}
